
Microsoft Visual Studio Solution File, Format Version 11.00
# Visual Studio 2010
Project("{FAE04EC0-301F-11D3-BF4B-00C04F79EFBC}") = "UnityClient", "Assembly-CSharp-firstpass.csproj", "{FD897254-84A6-5D77-5C6D-7A8F123ECC46}"
EndProject
Project("{FAE04EC0-301F-11D3-BF4B-00C04F79EFBC}") = "UnityClient", "Assembly-CSharp.csproj", "{6C9E1067-45D3-8D51-00C4-572C36C1182E}"
EndProject
Project("{FAE04EC0-301F-11D3-BF4B-00C04F79EFBC}") = "UnityClient", "Assembly-CSharp-Editor-firstpass.csproj", "{213EB5C3-88CC-D983-9C39-E69D04A10B6D}"
EndProject
Global
	GlobalSection(SolutionConfigurationPlatforms) = preSolution
		Debug|Any CPU = Debug|Any CPU
		Release|Any CPU = Release|Any CPU
	EndGlobalSection
	GlobalSection(ProjectConfigurationPlatforms) = postSolution
		{FD897254-84A6-5D77-5C6D-7A8F123ECC46}.Debug|Any CPU.ActiveCfg = Debug|Any CPU
		{FD897254-84A6-5D77-5C6D-7A8F123ECC46}.Debug|Any CPU.Build.0 = Debug|Any CPU
		{FD897254-84A6-5D77-5C6D-7A8F123ECC46}.Release|Any CPU.ActiveCfg = Release|Any CPU
		{FD897254-84A6-5D77-5C6D-7A8F123ECC46}.Release|Any CPU.Build.0 = Release|Any CPU
		{6C9E1067-45D3-8D51-00C4-572C36C1182E}.Debug|Any CPU.ActiveCfg = Debug|Any CPU
		{6C9E1067-45D3-8D51-00C4-572C36C1182E}.Debug|Any CPU.Build.0 = Debug|Any CPU
		{6C9E1067-45D3-8D51-00C4-572C36C1182E}.Release|Any CPU.ActiveCfg = Release|Any CPU
		{6C9E1067-45D3-8D51-00C4-572C36C1182E}.Release|Any CPU.Build.0 = Release|Any CPU
		{213EB5C3-88CC-D983-9C39-E69D04A10B6D}.Debug|Any CPU.ActiveCfg = Debug|Any CPU
		{213EB5C3-88CC-D983-9C39-E69D04A10B6D}.Debug|Any CPU.Build.0 = Debug|Any CPU
		{213EB5C3-88CC-D983-9C39-E69D04A10B6D}.Release|Any CPU.ActiveCfg = Release|Any CPU
		{213EB5C3-88CC-D983-9C39-E69D04A10B6D}.Release|Any CPU.Build.0 = Release|Any CPU
	EndGlobalSection
	GlobalSection(SolutionProperties) = preSolution
		HideSolutionNode = FALSE
	EndGlobalSection
	GlobalSection(MonoDevelopProperties) = preSolution
		StartupItem = Assembly-CSharp.csproj
	EndGlobalSection
EndGlobal
