
Microsoft Visual Studio Solution File, Format Version 12.00
# Visual Studio 2015
Project("{FAE04EC0-301F-11D3-BF4B-00C04F79EFBC}") = "UnityClient.CSharp.Plugins", "UnityClient.CSharp.Plugins.csproj", "{2303088E-2EB0-0AD3-82D3-1A827EE6B75F}"
EndProject
Project("{FAE04EC0-301F-11D3-BF4B-00C04F79EFBC}") = "UnityClient.CSharp", "UnityClient.CSharp.csproj", "{8728C8EE-B543-4FF2-8FC1-EAFDF226309E}"
EndProject
Project("{FAE04EC0-301F-11D3-BF4B-00C04F79EFBC}") = "UnityClient.CSharp.Editor.Plugins", "UnityClient.CSharp.Editor.Plugins.csproj", "{83B7820D-8526-7A80-D75C-13853DF44D7D}"
EndProject
Global
	GlobalSection(SolutionConfigurationPlatforms) = preSolution
		Debug|Any CPU = Debug|Any CPU
		Release|Any CPU = Release|Any CPU
	EndGlobalSection
	GlobalSection(ProjectConfigurationPlatforms) = postSolution
		{2303088E-2EB0-0AD3-82D3-1A827EE6B75F}.Debug|Any CPU.ActiveCfg = Debug|Any CPU
		{2303088E-2EB0-0AD3-82D3-1A827EE6B75F}.Debug|Any CPU.Build.0 = Debug|Any CPU
		{2303088E-2EB0-0AD3-82D3-1A827EE6B75F}.Release|Any CPU.ActiveCfg = Release|Any CPU
		{2303088E-2EB0-0AD3-82D3-1A827EE6B75F}.Release|Any CPU.Build.0 = Release|Any CPU
		{8728C8EE-B543-4FF2-8FC1-EAFDF226309E}.Debug|Any CPU.ActiveCfg = Debug|Any CPU
		{8728C8EE-B543-4FF2-8FC1-EAFDF226309E}.Debug|Any CPU.Build.0 = Debug|Any CPU
		{8728C8EE-B543-4FF2-8FC1-EAFDF226309E}.Release|Any CPU.ActiveCfg = Release|Any CPU
		{8728C8EE-B543-4FF2-8FC1-EAFDF226309E}.Release|Any CPU.Build.0 = Release|Any CPU
		{83B7820D-8526-7A80-D75C-13853DF44D7D}.Debug|Any CPU.ActiveCfg = Debug|Any CPU
		{83B7820D-8526-7A80-D75C-13853DF44D7D}.Debug|Any CPU.Build.0 = Debug|Any CPU
		{83B7820D-8526-7A80-D75C-13853DF44D7D}.Release|Any CPU.ActiveCfg = Release|Any CPU
		{83B7820D-8526-7A80-D75C-13853DF44D7D}.Release|Any CPU.Build.0 = Release|Any CPU
	EndGlobalSection
	GlobalSection(SolutionProperties) = preSolution
		HideSolutionNode = FALSE
	EndGlobalSection
EndGlobal
